Microsoft Visual Studio Solution File, Format Version 12.00
# Visual Studio Version 17
VisualStudioVersion = 17.5.2.0
MinimumVisualStudioVersion = 10.0.40219.1
Project("{FAE04EC0-301F-11D3-BF4B-00C04F79EFBC}") = "muddraWebApp", "muddraWebApp\muddraWebApp.csproj", "{8ED4F35A-09BF-1FC5-E5A4-A0F5CC7DBD4A}"
EndProject
Global
	GlobalSection(SolutionConfigurationPlatforms) = preSolution
		Debug|Any CPU = Debug|Any CPU
		Release|Any CPU = Release|Any CPU
	EndGlobalSection
	GlobalSection(ProjectConfigurationPlatforms) = postSolution
		{8ED4F35A-09BF-1FC5-E5A4-A0F5CC7DBD4A}.Debug|Any CPU.ActiveCfg = Debug|Any CPU
		{8ED4F35A-09BF-1FC5-E5A4-A0F5CC7DBD4A}.Debug|Any CPU.Build.0 = Debug|Any CPU
		{8ED4F35A-09BF-1FC5-E5A4-A0F5CC7DBD4A}.Release|Any CPU.ActiveCfg = Release|Any CPU
		{8ED4F35A-09BF-1FC5-E5A4-A0F5CC7DBD4A}.Release|Any CPU.Build.0 = Release|Any CPU
	EndGlobalSection
	GlobalSection(SolutionProperties) = preSolution
		HideSolutionNode = FALSE
	EndGlobalSection
	GlobalSection(ExtensibilityGlobals) = postSolution
		SolutionGuid = {C4FE4D61-EEA7-4AFF-A471-735E46CE1FB8}
	EndGlobalSection
EndGlobal
